
Microsoft Visual Studio Solution File, Format Version 12.00
# Visual Studio Version 17
VisualStudioVersion = 17.7.34221.43
MinimumVisualStudioVersion = 10.0.40219.1
Project("{8BC9CEB8-8B4A-11D0-8D11-00A0C91BC942}") = "DFS,BFS기초", "CodingTest\CodingTest.vcxproj", "{410EEE18-153D-421A-BFBD-C542B283AA27}"
EndProject
Project("{8BC9CEB8-8B4A-11D0-8D11-00A0C91BC942}") = "이진탐색트리(수 찾기)", "이진탐색트리\이진탐색트리.vcxproj", "{D5430366-2152-45A0-8297-4BBBE5A6244D}"
EndProject
Project("{8BC9CEB8-8B4A-11D0-8D11-00A0C91BC942}") = "이진탐색트리(어두운 굴다리)", "이진탐색트리(어두운 굴다리)\이진탐색트리(어두운 굴다리).vcxproj", "{06F46820-E59B-48F9-8D37-6162B489CB5A}"
EndProject
Project("{8BC9CEB8-8B4A-11D0-8D11-00A0C91BC942}") = "팩토리얼 0의 개수", "팩토리얼 0의 개수\팩토리얼 0의 개수.vcxproj", "{27E751D1-B13F-4A7C-BA2F-0DF038AC5244}"
EndProject
Project("{2150E333-8FDC-42A3-9474-1A3956D46DE8}") = "이진탐색트리", "이진탐색트리", "{47ACBADE-A64F-4626-8824-D09C9DCE1525}"
EndProject
Project("{2150E333-8FDC-42A3-9474-1A3956D46DE8}") = "DFS,BFS", "DFS,BFS", "{4AA4244E-D13A-4785-83B7-89DF36BC6821}"
EndProject
Project("{8BC9CEB8-8B4A-11D0-8D11-00A0C91BC942}") = "Test", "Test\Test.vcxproj", "{D5E31500-1776-4535-B6EA-CAD10CC99E61}"
EndProject
Project("{8BC9CEB8-8B4A-11D0-8D11-00A0C91BC942}") = "보석상자", "보석상자\보석상자.vcxproj", "{D666FD26-69CE-40BB-A225-69F09C41C444}"
EndProject
Project("{8BC9CEB8-8B4A-11D0-8D11-00A0C91BC942}") = "개똥벌레", "개똥벌레\개똥벌레.vcxproj", "{32ADA28C-981E-42B3-B588-B314630C09DA}"
EndProject
Project("{2150E333-8FDC-42A3-9474-1A3956D46DE8}") = "DP", "DP", "{097D4F97-4157-4726-81A9-53840437B2C1}"
EndProject
Project("{8BC9CEB8-8B4A-11D0-8D11-00A0C91BC942}") = "1로 만들기", "1로 만들기\1로 만들기.vcxproj", "{10C5A9EC-8A59-4FAD-BFFF-1906A9FC4A97}"
EndProject
Project("{8BC9CEB8-8B4A-11D0-8D11-00A0C91BC942}") = "1,2,3더하기", "1,2,3더하기\1,2,3더하기.vcxproj", "{5651ADAD-7ED8-4C01-99E2-A0E90B69B03F}"
EndProject
Project("{8BC9CEB8-8B4A-11D0-8D11-00A0C91BC942}") = "계단오르기", "계단오르기\계단오르기.vcxproj", "{1E1548F0-6B71-4E8C-9B73-EED29EAAA92C}"
EndProject
Project("{8BC9CEB8-8B4A-11D0-8D11-00A0C91BC942}") = "2n타일링", "2n타일링\2n타일링.vcxproj", "{CD32C689-FFD5-47EC-A36A-501A9CDF2957}"
EndProject
Project("{2150E333-8FDC-42A3-9474-1A3956D46DE8}") = "순열,조합", "순열,조합", "{6B43C345-9B11-49AF-859B-86B94BD7C330}"
EndProject
Project("{8BC9CEB8-8B4A-11D0-8D11-00A0C91BC942}") = "다리놓기", "다리놓기\다리놓기.vcxproj", "{08280FA3-8E37-4AD0-9A75-DF454EAC1122}"
EndProject
Project("{8BC9CEB8-8B4A-11D0-8D11-00A0C91BC942}") = "N과M", "N과M\N과M.vcxproj", "{E496D0A9-32A8-4CC6-BE9E-D13A70887FB0}"
EndProject
Project("{2150E333-8FDC-42A3-9474-1A3956D46DE8}") = "위상정렬", "위상정렬", "{EE6C3DD4-628B-4B41-AF3C-9B4BF82E5866}"
EndProject
Project("{8BC9CEB8-8B4A-11D0-8D11-00A0C91BC942}") = "줄 세우기", "줄 세우기\줄 세우기.vcxproj", "{E5094556-43E0-4527-8AEF-833BF8D02CF8}"
EndProject
Project("{8BC9CEB8-8B4A-11D0-8D11-00A0C91BC942}") = "알고리즘수업너비우선탐색", "알고리즘수업너비우선탐색\알고리즘수업너비우선탐색.vcxproj", "{B8BE9D12-65EF-4E9F-A8EE-AFD87105ACDD}"
EndProject
Project("{8BC9CEB8-8B4A-11D0-8D11-00A0C91BC942}") = "삼총사", "삼총사\삼총사.vcxproj", "{A5F5DD80-C39D-4350-AA19-17118A308B79}"
EndProject
Project("{8BC9CEB8-8B4A-11D0-8D11-00A0C91BC942}") = "쉬운 최단거리", "쉬운 최단거리\쉬운 최단거리.vcxproj", "{9CD05878-29E0-4B67-8233-648BEB2FC7A4}"
EndProject
Project("{8BC9CEB8-8B4A-11D0-8D11-00A0C91BC942}") = "모든 순열", "모든 순열\모든 순열.vcxproj", "{9C07ABF7-1259-4690-ACAF-499437C5B1FF}"
EndProject
Project("{2150E333-8FDC-42A3-9474-1A3956D46DE8}") = "문자열", "문자열", "{7680388C-9F3F-4ED5-9F6A-1B403ACB3724}"
EndProject
Project("{8BC9CEB8-8B4A-11D0-8D11-00A0C91BC942}") = "문자열을정수로바꾸기", "문자열을정수로바꾸기\문자열을정수로바꾸기.vcxproj", "{6DC1292C-A230-4210-9FE9-F220719A64DC}"
EndProject
Project("{2150E333-8FDC-42A3-9474-1A3956D46DE8}") = "프로그래머스Lv1", "프로그래머스Lv1", "{21DF51B7-C0C2-455B-AE0B-7FA99314CAAC}"
EndProject
Project("{8BC9CEB8-8B4A-11D0-8D11-00A0C91BC942}") = "약수의합", "약수의합\약수의합.vcxproj", "{737F3495-1AF5-43BF-9D3D-4C9B4B49FB9A}"
EndProject
Project("{8BC9CEB8-8B4A-11D0-8D11-00A0C91BC942}") = "나머지가1이되는수 찾기", "나머지가1이되는수 찾기\나머지가1이되는수 찾기.vcxproj", "{FE46ACF8-6121-478A-9D4D-D20707316791}"
EndProject
Project("{8BC9CEB8-8B4A-11D0-8D11-00A0C91BC942}") = "x만큼간격이있는n개의 숫자", "x만큼간격이있는n개의 숫자\x만큼간격이있는n개의 숫자.vcxproj", "{4915B295-893D-41F9-93A3-2426327857D4}"
EndProject
Project("{8BC9CEB8-8B4A-11D0-8D11-00A0C91BC942}") = "문자열 내 p와y갯수", "문자열 내 p와y갯수\문자열 내 p와y갯수.vcxproj", "{C8E71699-475E-48CE-83DC-DE0A725FD69C}"
EndProject
Project("{8BC9CEB8-8B4A-11D0-8D11-00A0C91BC942}") = "자릿수 더하기", "자릿수 더하기\자릿수 더하기.vcxproj", "{B4B6652C-6A8A-4CF7-AE4A-AA1C471B3ED3}"
EndProject
Project("{8BC9CEB8-8B4A-11D0-8D11-00A0C91BC942}") = "자연수 뒤집어 배열로만들기", "자연수 뒤집어 배열로만들기\자연수 뒤집어 배열로만들기.vcxproj", "{B99113AA-4C26-4502-9075-4A2FC85A7926}"
EndProject
Project("{8BC9CEB8-8B4A-11D0-8D11-00A0C91BC942}") = "정수 제곱근판별", "정수 제곱근판별\정수 제곱근판별.vcxproj", "{1AA61F5C-AD26-4B18-83AF-A0D2A0B846D2}"
EndProject
Project("{8BC9CEB8-8B4A-11D0-8D11-00A0C91BC942}") = "정수 내림차순 배치", "정수 내림차순 배치\정수 내림차순 배치.vcxproj", "{2E1E9356-251C-45D7-98A6-2CE9277A8CB1}"
EndProject
Project("{8BC9CEB8-8B4A-11D0-8D11-00A0C91BC942}") = "하샤드수", "하샤드수\하샤드수.vcxproj", "{E94337CB-83A8-4EFE-BB5D-5D436D6B9B40}"
EndProject
Project("{8BC9CEB8-8B4A-11D0-8D11-00A0C91BC942}") = "콜라츠추측", "콜라츠추측\콜라츠추측.vcxproj", "{9F89C68F-6810-4AAB-B484-872A8F265D01}"
EndProject
Project("{8BC9CEB8-8B4A-11D0-8D11-00A0C91BC942}") = "전력망 둘로 나누기", "전력망 둘로 나누기\전력망 둘로 나누기.vcxproj", "{486B646A-39E1-496E-BFDD-0AC57D639375}"
EndProject
Project("{8BC9CEB8-8B4A-11D0-8D11-00A0C91BC942}") = "제일 작은 수 제거하기", "제일 작은 수 제거하기\제일 작은 수 제거하기.vcxproj", "{00F1D3E6-D039-4F05-84C4-BB1C2162A6CB}"
EndProject
Project("{8BC9CEB8-8B4A-11D0-8D11-00A0C91BC942}") = "가운데 글자 가져오기", "가운데 글자 가져오기\가운데 글자 가져오기.vcxproj", "{779D932F-1B0C-4283-B8E3-A06E05ACBB43}"
EndProject
Project("{8BC9CEB8-8B4A-11D0-8D11-00A0C91BC942}") = "내적", "내적\내적.vcxproj", "{32C4A864-B14F-4497-A426-3B3F65C7706A}"
EndProject
Project("{8BC9CEB8-8B4A-11D0-8D11-00A0C91BC942}") = "약수의 개수와 덧샘", "약수의 개수와 덧샘\약수의 개수와 덧샘.vcxproj", "{FD2525DB-B4EA-4610-BF63-C368EED49948}"
EndProject
Project("{8BC9CEB8-8B4A-11D0-8D11-00A0C91BC942}") = "문자열 내림차순으로 배치하기", "문자열 내림차순으로 배치하기\문자열 내림차순으로 배치하기.vcxproj", "{7AF81579-CF84-4430-A3C9-506C0FC6CB90}"
EndProject
Project("{8BC9CEB8-8B4A-11D0-8D11-00A0C91BC942}") = "문자열 다루기 기본", "문자열 다루기 기본\문자열 다루기 기본.vcxproj", "{DCE4EA12-19A4-4C67-BDD9-F19DC262E0BB}"
EndProject
Project("{8BC9CEB8-8B4A-11D0-8D11-00A0C91BC942}") = "행렬의 덧셈", "행렬의 덧셈\행렬의 덧셈.vcxproj", "{A375729F-1F0D-4F90-9A21-584D83CE0445}"
EndProject
Project("{8BC9CEB8-8B4A-11D0-8D11-00A0C91BC942}") = "최대공약수 최소공배수", "최대공약수 최소공배수\최대공약수 최소공배수.vcxproj", "{E70417AA-0035-4105-AC20-808B9DDE28E8}"
EndProject
Project("{8BC9CEB8-8B4A-11D0-8D11-00A0C91BC942}") = "같은 숫자는 싫어(두개의 풀이)", "같은 숫자는 싫어(두개의 풀이)\같은 숫자는 싫어(두개의 풀이).vcxproj", "{681AA6D8-20D1-4F9C-9CC4-7EF7C7D57110}"
EndProject
Project("{8BC9CEB8-8B4A-11D0-8D11-00A0C91BC942}") = "3진법(pow활용)", "3진법\3진법.vcxproj", "{80F659EE-8CFC-4E2E-A428-CADC7519C441}"
EndProject
Project("{8BC9CEB8-8B4A-11D0-8D11-00A0C91BC942}") = "예산", "예산\예산.vcxproj", "{F21BC1DD-FE28-464E-B18E-456E3DD26B19}"
EndProject
Project("{8BC9CEB8-8B4A-11D0-8D11-00A0C91BC942}") = "스타트와 링크", "스타트와 링크\스타트와 링크.vcxproj", "{BFDAC4D4-AC9B-4C07-8874-76E1D0D828DC}"
EndProject
Project("{8BC9CEB8-8B4A-11D0-8D11-00A0C91BC942}") = "크기가 다른 부분문자열", "크기가 다른 부분문자열\크기가 다른 부분문자열.vcxproj", "{D368321A-EE3D-482A-A688-41D45014EBE0}"
EndProject
Project("{8BC9CEB8-8B4A-11D0-8D11-00A0C91BC942}") = "시저암호", "시저암호\시저암호.vcxproj", "{192947D3-344A-45A7-B8BE-71470F3B5E1C}"
EndProject
Project("{8BC9CEB8-8B4A-11D0-8D11-00A0C91BC942}") = "숫자 문자열과 영단어(replace사용)", "숫자 문자열과 영단어\숫자 문자열과 영단어.vcxproj", "{FBB00CA6-44C3-4115-8791-9FF35A1B2A76}"
EndProject
Project("{8BC9CEB8-8B4A-11D0-8D11-00A0C91BC942}") = "가장 가까운 같은 글자", "가장 가까운 같은 글자\가장 가까운 같은 글자.vcxproj", "{14EC4C33-070D-47BF-8872-7E6A0B678EAC}"
EndProject
Project("{8BC9CEB8-8B4A-11D0-8D11-00A0C91BC942}") = "문자열 내맘대로 정렬하기", "문자열 내맘대로 정렬하기\문자열 내맘대로 정렬하기.vcxproj", "{CC236F53-48E9-4DF1-B6D7-837534483FC0}"
EndProject
Project("{8BC9CEB8-8B4A-11D0-8D11-00A0C91BC942}") = "K번째 수", "K번째 수\K번째 수.vcxproj", "{8C2C47AB-1564-47D5-A954-7F4E0A01B1B2}"
EndProject
Global
	GlobalSection(SolutionConfigurationPlatforms) = preSolution
		Debug|x64 = Debug|x64
		Debug|x86 = Debug|x86
		Release|x64 = Release|x64
		Release|x86 = Release|x86
	EndGlobalSection
	GlobalSection(ProjectConfigurationPlatforms) = postSolution
		{410EEE18-153D-421A-BFBD-C542B283AA27}.Debug|x64.ActiveCfg = Debug|x64
		{410EEE18-153D-421A-BFBD-C542B283AA27}.Debug|x64.Build.0 = Debug|x64
		{410EEE18-153D-421A-BFBD-C542B283AA27}.Debug|x86.ActiveCfg = Debug|Win32
		{410EEE18-153D-421A-BFBD-C542B283AA27}.Debug|x86.Build.0 = Debug|Win32
		{410EEE18-153D-421A-BFBD-C542B283AA27}.Release|x64.ActiveCfg = Release|x64
		{410EEE18-153D-421A-BFBD-C542B283AA27}.Release|x64.Build.0 = Release|x64
		{410EEE18-153D-421A-BFBD-C542B283AA27}.Release|x86.ActiveCfg = Release|Win32
		{410EEE18-153D-421A-BFBD-C542B283AA27}.Release|x86.Build.0 = Release|Win32
		{D5430366-2152-45A0-8297-4BBBE5A6244D}.Debug|x64.ActiveCfg = Debug|x64
		{D5430366-2152-45A0-8297-4BBBE5A6244D}.Debug|x64.Build.0 = Debug|x64
		{D5430366-2152-45A0-8297-4BBBE5A6244D}.Debug|x86.ActiveCfg = Debug|Win32
		{D5430366-2152-45A0-8297-4BBBE5A6244D}.Debug|x86.Build.0 = Debug|Win32
		{D5430366-2152-45A0-8297-4BBBE5A6244D}.Release|x64.ActiveCfg = Release|x64
		{D5430366-2152-45A0-8297-4BBBE5A6244D}.Release|x64.Build.0 = Release|x64
		{D5430366-2152-45A0-8297-4BBBE5A6244D}.Release|x86.ActiveCfg = Release|Win32
		{D5430366-2152-45A0-8297-4BBBE5A6244D}.Release|x86.Build.0 = Release|Win32
		{06F46820-E59B-48F9-8D37-6162B489CB5A}.Debug|x64.ActiveCfg = Debug|x64
		{06F46820-E59B-48F9-8D37-6162B489CB5A}.Debug|x64.Build.0 = Debug|x64
		{06F46820-E59B-48F9-8D37-6162B489CB5A}.Debug|x86.ActiveCfg = Debug|Win32
		{06F46820-E59B-48F9-8D37-6162B489CB5A}.Debug|x86.Build.0 = Debug|Win32
		{06F46820-E59B-48F9-8D37-6162B489CB5A}.Release|x64.ActiveCfg = Release|x64
		{06F46820-E59B-48F9-8D37-6162B489CB5A}.Release|x64.Build.0 = Release|x64
		{06F46820-E59B-48F9-8D37-6162B489CB5A}.Release|x86.ActiveCfg = Release|Win32
		{06F46820-E59B-48F9-8D37-6162B489CB5A}.Release|x86.Build.0 = Release|Win32
		{27E751D1-B13F-4A7C-BA2F-0DF038AC5244}.Debug|x64.ActiveCfg = Debug|x64
		{27E751D1-B13F-4A7C-BA2F-0DF038AC5244}.Debug|x64.Build.0 = Debug|x64
		{27E751D1-B13F-4A7C-BA2F-0DF038AC5244}.Debug|x86.ActiveCfg = Debug|Win32
		{27E751D1-B13F-4A7C-BA2F-0DF038AC5244}.Debug|x86.Build.0 = Debug|Win32
		{27E751D1-B13F-4A7C-BA2F-0DF038AC5244}.Release|x64.ActiveCfg = Release|x64
		{27E751D1-B13F-4A7C-BA2F-0DF038AC5244}.Release|x64.Build.0 = Release|x64
		{27E751D1-B13F-4A7C-BA2F-0DF038AC5244}.Release|x86.ActiveCfg = Release|Win32
		{27E751D1-B13F-4A7C-BA2F-0DF038AC5244}.Release|x86.Build.0 = Release|Win32
		{D5E31500-1776-4535-B6EA-CAD10CC99E61}.Debug|x64.ActiveCfg = Debug|x64
		{D5E31500-1776-4535-B6EA-CAD10CC99E61}.Debug|x64.Build.0 = Debug|x64
		{D5E31500-1776-4535-B6EA-CAD10CC99E61}.Debug|x86.ActiveCfg = Debug|Win32
		{D5E31500-1776-4535-B6EA-CAD10CC99E61}.Debug|x86.Build.0 = Debug|Win32
		{D5E31500-1776-4535-B6EA-CAD10CC99E61}.Release|x64.ActiveCfg = Release|x64
		{D5E31500-1776-4535-B6EA-CAD10CC99E61}.Release|x64.Build.0 = Release|x64
		{D5E31500-1776-4535-B6EA-CAD10CC99E61}.Release|x86.ActiveCfg = Release|Win32
		{D5E31500-1776-4535-B6EA-CAD10CC99E61}.Release|x86.Build.0 = Release|Win32
		{D666FD26-69CE-40BB-A225-69F09C41C444}.Debug|x64.ActiveCfg = Debug|x64
		{D666FD26-69CE-40BB-A225-69F09C41C444}.Debug|x64.Build.0 = Debug|x64
		{D666FD26-69CE-40BB-A225-69F09C41C444}.Debug|x86.ActiveCfg = Debug|Win32
		{D666FD26-69CE-40BB-A225-69F09C41C444}.Debug|x86.Build.0 = Debug|Win32
		{D666FD26-69CE-40BB-A225-69F09C41C444}.Release|x64.ActiveCfg = Release|x64
		{D666FD26-69CE-40BB-A225-69F09C41C444}.Release|x64.Build.0 = Release|x64
		{D666FD26-69CE-40BB-A225-69F09C41C444}.Release|x86.ActiveCfg = Release|Win32
		{D666FD26-69CE-40BB-A225-69F09C41C444}.Release|x86.Build.0 = Release|Win32
		{32ADA28C-981E-42B3-B588-B314630C09DA}.Debug|x64.ActiveCfg = Debug|x64
		{32ADA28C-981E-42B3-B588-B314630C09DA}.Debug|x64.Build.0 = Debug|x64
		{32ADA28C-981E-42B3-B588-B314630C09DA}.Debug|x86.ActiveCfg = Debug|Win32
		{32ADA28C-981E-42B3-B588-B314630C09DA}.Debug|x86.Build.0 = Debug|Win32
		{32ADA28C-981E-42B3-B588-B314630C09DA}.Release|x64.ActiveCfg = Release|x64
		{32ADA28C-981E-42B3-B588-B314630C09DA}.Release|x64.Build.0 = Release|x64
		{32ADA28C-981E-42B3-B588-B314630C09DA}.Release|x86.ActiveCfg = Release|Win32
		{32ADA28C-981E-42B3-B588-B314630C09DA}.Release|x86.Build.0 = Release|Win32
		{10C5A9EC-8A59-4FAD-BFFF-1906A9FC4A97}.Debug|x64.ActiveCfg = Debug|x64
		{10C5A9EC-8A59-4FAD-BFFF-1906A9FC4A97}.Debug|x64.Build.0 = Debug|x64
		{10C5A9EC-8A59-4FAD-BFFF-1906A9FC4A97}.Debug|x86.ActiveCfg = Debug|Win32
		{10C5A9EC-8A59-4FAD-BFFF-1906A9FC4A97}.Debug|x86.Build.0 = Debug|Win32
		{10C5A9EC-8A59-4FAD-BFFF-1906A9FC4A97}.Release|x64.ActiveCfg = Release|x64
		{10C5A9EC-8A59-4FAD-BFFF-1906A9FC4A97}.Release|x64.Build.0 = Release|x64
		{10C5A9EC-8A59-4FAD-BFFF-1906A9FC4A97}.Release|x86.ActiveCfg = Release|Win32
		{10C5A9EC-8A59-4FAD-BFFF-1906A9FC4A97}.Release|x86.Build.0 = Release|Win32
		{5651ADAD-7ED8-4C01-99E2-A0E90B69B03F}.Debug|x64.ActiveCfg = Debug|x64
		{5651ADAD-7ED8-4C01-99E2-A0E90B69B03F}.Debug|x64.Build.0 = Debug|x64
		{5651ADAD-7ED8-4C01-99E2-A0E90B69B03F}.Debug|x86.ActiveCfg = Debug|Win32
		{5651ADAD-7ED8-4C01-99E2-A0E90B69B03F}.Debug|x86.Build.0 = Debug|Win32
		{5651ADAD-7ED8-4C01-99E2-A0E90B69B03F}.Release|x64.ActiveCfg = Release|x64
		{5651ADAD-7ED8-4C01-99E2-A0E90B69B03F}.Release|x64.Build.0 = Release|x64
		{5651ADAD-7ED8-4C01-99E2-A0E90B69B03F}.Release|x86.ActiveCfg = Release|Win32
		{5651ADAD-7ED8-4C01-99E2-A0E90B69B03F}.Release|x86.Build.0 = Release|Win32
		{1E1548F0-6B71-4E8C-9B73-EED29EAAA92C}.Debug|x64.ActiveCfg = Debug|x64
		{1E1548F0-6B71-4E8C-9B73-EED29EAAA92C}.Debug|x64.Build.0 = Debug|x64
		{1E1548F0-6B71-4E8C-9B73-EED29EAAA92C}.Debug|x86.ActiveCfg = Debug|Win32
		{1E1548F0-6B71-4E8C-9B73-EED29EAAA92C}.Debug|x86.Build.0 = Debug|Win32
		{1E1548F0-6B71-4E8C-9B73-EED29EAAA92C}.Release|x64.ActiveCfg = Release|x64
		{1E1548F0-6B71-4E8C-9B73-EED29EAAA92C}.Release|x64.Build.0 = Release|x64
		{1E1548F0-6B71-4E8C-9B73-EED29EAAA92C}.Release|x86.ActiveCfg = Release|Win32
		{1E1548F0-6B71-4E8C-9B73-EED29EAAA92C}.Release|x86.Build.0 = Release|Win32
		{CD32C689-FFD5-47EC-A36A-501A9CDF2957}.Debug|x64.ActiveCfg = Debug|x64
		{CD32C689-FFD5-47EC-A36A-501A9CDF2957}.Debug|x64.Build.0 = Debug|x64
		{CD32C689-FFD5-47EC-A36A-501A9CDF2957}.Debug|x86.ActiveCfg = Debug|Win32
		{CD32C689-FFD5-47EC-A36A-501A9CDF2957}.Debug|x86.Build.0 = Debug|Win32
		{CD32C689-FFD5-47EC-A36A-501A9CDF2957}.Release|x64.ActiveCfg = Release|x64
		{CD32C689-FFD5-47EC-A36A-501A9CDF2957}.Release|x64.Build.0 = Release|x64
		{CD32C689-FFD5-47EC-A36A-501A9CDF2957}.Release|x86.ActiveCfg = Release|Win32
		{CD32C689-FFD5-47EC-A36A-501A9CDF2957}.Release|x86.Build.0 = Release|Win32
		{08280FA3-8E37-4AD0-9A75-DF454EAC1122}.Debug|x64.ActiveCfg = Debug|x64
		{08280FA3-8E37-4AD0-9A75-DF454EAC1122}.Debug|x64.Build.0 = Debug|x64
		{08280FA3-8E37-4AD0-9A75-DF454EAC1122}.Debug|x86.ActiveCfg = Debug|Win32
		{08280FA3-8E37-4AD0-9A75-DF454EAC1122}.Debug|x86.Build.0 = Debug|Win32
		{08280FA3-8E37-4AD0-9A75-DF454EAC1122}.Release|x64.ActiveCfg = Release|x64
		{08280FA3-8E37-4AD0-9A75-DF454EAC1122}.Release|x64.Build.0 = Release|x64
		{08280FA3-8E37-4AD0-9A75-DF454EAC1122}.Release|x86.ActiveCfg = Release|Win32
		{08280FA3-8E37-4AD0-9A75-DF454EAC1122}.Release|x86.Build.0 = Release|Win32
		{E496D0A9-32A8-4CC6-BE9E-D13A70887FB0}.Debug|x64.ActiveCfg = Debug|x64
		{E496D0A9-32A8-4CC6-BE9E-D13A70887FB0}.Debug|x64.Build.0 = Debug|x64
		{E496D0A9-32A8-4CC6-BE9E-D13A70887FB0}.Debug|x86.ActiveCfg = Debug|Win32
		{E496D0A9-32A8-4CC6-BE9E-D13A70887FB0}.Debug|x86.Build.0 = Debug|Win32
		{E496D0A9-32A8-4CC6-BE9E-D13A70887FB0}.Release|x64.ActiveCfg = Release|x64
		{E496D0A9-32A8-4CC6-BE9E-D13A70887FB0}.Release|x64.Build.0 = Release|x64
		{E496D0A9-32A8-4CC6-BE9E-D13A70887FB0}.Release|x86.ActiveCfg = Release|Win32
		{E496D0A9-32A8-4CC6-BE9E-D13A70887FB0}.Release|x86.Build.0 = Release|Win32
		{E5094556-43E0-4527-8AEF-833BF8D02CF8}.Debug|x64.ActiveCfg = Debug|x64
		{E5094556-43E0-4527-8AEF-833BF8D02CF8}.Debug|x64.Build.0 = Debug|x64
		{E5094556-43E0-4527-8AEF-833BF8D02CF8}.Debug|x86.ActiveCfg = Debug|Win32
		{E5094556-43E0-4527-8AEF-833BF8D02CF8}.Debug|x86.Build.0 = Debug|Win32
		{E5094556-43E0-4527-8AEF-833BF8D02CF8}.Release|x64.ActiveCfg = Release|x64
		{E5094556-43E0-4527-8AEF-833BF8D02CF8}.Release|x64.Build.0 = Release|x64
		{E5094556-43E0-4527-8AEF-833BF8D02CF8}.Release|x86.ActiveCfg = Release|Win32
		{E5094556-43E0-4527-8AEF-833BF8D02CF8}.Release|x86.Build.0 = Release|Win32
		{B8BE9D12-65EF-4E9F-A8EE-AFD87105ACDD}.Debug|x64.ActiveCfg = Debug|x64
		{B8BE9D12-65EF-4E9F-A8EE-AFD87105ACDD}.Debug|x64.Build.0 = Debug|x64
		{B8BE9D12-65EF-4E9F-A8EE-AFD87105ACDD}.Debug|x86.ActiveCfg = Debug|Win32
		{B8BE9D12-65EF-4E9F-A8EE-AFD87105ACDD}.Debug|x86.Build.0 = Debug|Win32
		{B8BE9D12-65EF-4E9F-A8EE-AFD87105ACDD}.Release|x64.ActiveCfg = Release|x64
		{B8BE9D12-65EF-4E9F-A8EE-AFD87105ACDD}.Release|x64.Build.0 = Release|x64
		{B8BE9D12-65EF-4E9F-A8EE-AFD87105ACDD}.Release|x86.ActiveCfg = Release|Win32
		{B8BE9D12-65EF-4E9F-A8EE-AFD87105ACDD}.Release|x86.Build.0 = Release|Win32
		{A5F5DD80-C39D-4350-AA19-17118A308B79}.Debug|x64.ActiveCfg = Debug|x64
		{A5F5DD80-C39D-4350-AA19-17118A308B79}.Debug|x64.Build.0 = Debug|x64
		{A5F5DD80-C39D-4350-AA19-17118A308B79}.Debug|x86.ActiveCfg = Debug|Win32
		{A5F5DD80-C39D-4350-AA19-17118A308B79}.Debug|x86.Build.0 = Debug|Win32
		{A5F5DD80-C39D-4350-AA19-17118A308B79}.Release|x64.ActiveCfg = Release|x64
		{A5F5DD80-C39D-4350-AA19-17118A308B79}.Release|x64.Build.0 = Release|x64
		{A5F5DD80-C39D-4350-AA19-17118A308B79}.Release|x86.ActiveCfg = Release|Win32
		{A5F5DD80-C39D-4350-AA19-17118A308B79}.Release|x86.Build.0 = Release|Win32
		{9CD05878-29E0-4B67-8233-648BEB2FC7A4}.Debug|x64.ActiveCfg = Debug|x64
		{9CD05878-29E0-4B67-8233-648BEB2FC7A4}.Debug|x64.Build.0 = Debug|x64
		{9CD05878-29E0-4B67-8233-648BEB2FC7A4}.Debug|x86.ActiveCfg = Debug|Win32
		{9CD05878-29E0-4B67-8233-648BEB2FC7A4}.Debug|x86.Build.0 = Debug|Win32
		{9CD05878-29E0-4B67-8233-648BEB2FC7A4}.Release|x64.ActiveCfg = Release|x64
		{9CD05878-29E0-4B67-8233-648BEB2FC7A4}.Release|x64.Build.0 = Release|x64
		{9CD05878-29E0-4B67-8233-648BEB2FC7A4}.Release|x86.ActiveCfg = Release|Win32
		{9CD05878-29E0-4B67-8233-648BEB2FC7A4}.Release|x86.Build.0 = Release|Win32
		{9C07ABF7-1259-4690-ACAF-499437C5B1FF}.Debug|x64.ActiveCfg = Debug|x64
		{9C07ABF7-1259-4690-ACAF-499437C5B1FF}.Debug|x64.Build.0 = Debug|x64
		{9C07ABF7-1259-4690-ACAF-499437C5B1FF}.Debug|x86.ActiveCfg = Debug|Win32
		{9C07ABF7-1259-4690-ACAF-499437C5B1FF}.Debug|x86.Build.0 = Debug|Win32
		{9C07ABF7-1259-4690-ACAF-499437C5B1FF}.Release|x64.ActiveCfg = Release|x64
		{9C07ABF7-1259-4690-ACAF-499437C5B1FF}.Release|x64.Build.0 = Release|x64
		{9C07ABF7-1259-4690-ACAF-499437C5B1FF}.Release|x86.ActiveCfg = Release|Win32
		{9C07ABF7-1259-4690-ACAF-499437C5B1FF}.Release|x86.Build.0 = Release|Win32
		{6DC1292C-A230-4210-9FE9-F220719A64DC}.Debug|x64.ActiveCfg = Debug|x64
		{6DC1292C-A230-4210-9FE9-F220719A64DC}.Debug|x64.Build.0 = Debug|x64
		{6DC1292C-A230-4210-9FE9-F220719A64DC}.Debug|x86.ActiveCfg = Debug|Win32
		{6DC1292C-A230-4210-9FE9-F220719A64DC}.Debug|x86.Build.0 = Debug|Win32
		{6DC1292C-A230-4210-9FE9-F220719A64DC}.Release|x64.ActiveCfg = Release|x64
		{6DC1292C-A230-4210-9FE9-F220719A64DC}.Release|x64.Build.0 = Release|x64
		{6DC1292C-A230-4210-9FE9-F220719A64DC}.Release|x86.ActiveCfg = Release|Win32
		{6DC1292C-A230-4210-9FE9-F220719A64DC}.Release|x86.Build.0 = Release|Win32
		{737F3495-1AF5-43BF-9D3D-4C9B4B49FB9A}.Debug|x64.ActiveCfg = Debug|x64
		{737F3495-1AF5-43BF-9D3D-4C9B4B49FB9A}.Debug|x64.Build.0 = Debug|x64
		{737F3495-1AF5-43BF-9D3D-4C9B4B49FB9A}.Debug|x86.ActiveCfg = Debug|Win32
		{737F3495-1AF5-43BF-9D3D-4C9B4B49FB9A}.Debug|x86.Build.0 = Debug|Win32
		{737F3495-1AF5-43BF-9D3D-4C9B4B49FB9A}.Release|x64.ActiveCfg = Release|x64
		{737F3495-1AF5-43BF-9D3D-4C9B4B49FB9A}.Release|x64.Build.0 = Release|x64
		{737F3495-1AF5-43BF-9D3D-4C9B4B49FB9A}.Release|x86.ActiveCfg = Release|Win32
		{737F3495-1AF5-43BF-9D3D-4C9B4B49FB9A}.Release|x86.Build.0 = Release|Win32
		{FE46ACF8-6121-478A-9D4D-D20707316791}.Debug|x64.ActiveCfg = Debug|x64
		{FE46ACF8-6121-478A-9D4D-D20707316791}.Debug|x64.Build.0 = Debug|x64
		{FE46ACF8-6121-478A-9D4D-D20707316791}.Debug|x86.ActiveCfg = Debug|Win32
		{FE46ACF8-6121-478A-9D4D-D20707316791}.Debug|x86.Build.0 = Debug|Win32
		{FE46ACF8-6121-478A-9D4D-D20707316791}.Release|x64.ActiveCfg = Release|x64
		{FE46ACF8-6121-478A-9D4D-D20707316791}.Release|x64.Build.0 = Release|x64
		{FE46ACF8-6121-478A-9D4D-D20707316791}.Release|x86.ActiveCfg = Release|Win32
		{FE46ACF8-6121-478A-9D4D-D20707316791}.Release|x86.Build.0 = Release|Win32
		{4915B295-893D-41F9-93A3-2426327857D4}.Debug|x64.ActiveCfg = Debug|x64
		{4915B295-893D-41F9-93A3-2426327857D4}.Debug|x64.Build.0 = Debug|x64
		{4915B295-893D-41F9-93A3-2426327857D4}.Debug|x86.ActiveCfg = Debug|Win32
		{4915B295-893D-41F9-93A3-2426327857D4}.Debug|x86.Build.0 = Debug|Win32
		{4915B295-893D-41F9-93A3-2426327857D4}.Release|x64.ActiveCfg = Release|x64
		{4915B295-893D-41F9-93A3-2426327857D4}.Release|x64.Build.0 = Release|x64
		{4915B295-893D-41F9-93A3-2426327857D4}.Release|x86.ActiveCfg = Release|Win32
		{4915B295-893D-41F9-93A3-2426327857D4}.Release|x86.Build.0 = Release|Win32
		{C8E71699-475E-48CE-83DC-DE0A725FD69C}.Debug|x64.ActiveCfg = Debug|x64
		{C8E71699-475E-48CE-83DC-DE0A725FD69C}.Debug|x64.Build.0 = Debug|x64
		{C8E71699-475E-48CE-83DC-DE0A725FD69C}.Debug|x86.ActiveCfg = Debug|Win32
		{C8E71699-475E-48CE-83DC-DE0A725FD69C}.Debug|x86.Build.0 = Debug|Win32
		{C8E71699-475E-48CE-83DC-DE0A725FD69C}.Release|x64.ActiveCfg = Release|x64
		{C8E71699-475E-48CE-83DC-DE0A725FD69C}.Release|x64.Build.0 = Release|x64
		{C8E71699-475E-48CE-83DC-DE0A725FD69C}.Release|x86.ActiveCfg = Release|Win32
		{C8E71699-475E-48CE-83DC-DE0A725FD69C}.Release|x86.Build.0 = Release|Win32
		{B4B6652C-6A8A-4CF7-AE4A-AA1C471B3ED3}.Debug|x64.ActiveCfg = Debug|x64
		{B4B6652C-6A8A-4CF7-AE4A-AA1C471B3ED3}.Debug|x64.Build.0 = Debug|x64
		{B4B6652C-6A8A-4CF7-AE4A-AA1C471B3ED3}.Debug|x86.ActiveCfg = Debug|Win32
		{B4B6652C-6A8A-4CF7-AE4A-AA1C471B3ED3}.Debug|x86.Build.0 = Debug|Win32
		{B4B6652C-6A8A-4CF7-AE4A-AA1C471B3ED3}.Release|x64.ActiveCfg = Release|x64
		{B4B6652C-6A8A-4CF7-AE4A-AA1C471B3ED3}.Release|x64.Build.0 = Release|x64
		{B4B6652C-6A8A-4CF7-AE4A-AA1C471B3ED3}.Release|x86.ActiveCfg = Release|Win32
		{B4B6652C-6A8A-4CF7-AE4A-AA1C471B3ED3}.Release|x86.Build.0 = Release|Win32
		{B99113AA-4C26-4502-9075-4A2FC85A7926}.Debug|x64.ActiveCfg = Debug|x64
		{B99113AA-4C26-4502-9075-4A2FC85A7926}.Debug|x64.Build.0 = Debug|x64
		{B99113AA-4C26-4502-9075-4A2FC85A7926}.Debug|x86.ActiveCfg = Debug|Win32
		{B99113AA-4C26-4502-9075-4A2FC85A7926}.Debug|x86.Build.0 = Debug|Win32
		{B99113AA-4C26-4502-9075-4A2FC85A7926}.Release|x64.ActiveCfg = Release|x64
		{B99113AA-4C26-4502-9075-4A2FC85A7926}.Release|x64.Build.0 = Release|x64
		{B99113AA-4C26-4502-9075-4A2FC85A7926}.Release|x86.ActiveCfg = Release|Win32
		{B99113AA-4C26-4502-9075-4A2FC85A7926}.Release|x86.Build.0 = Release|Win32
		{1AA61F5C-AD26-4B18-83AF-A0D2A0B846D2}.Debug|x64.ActiveCfg = Debug|x64
		{1AA61F5C-AD26-4B18-83AF-A0D2A0B846D2}.Debug|x64.Build.0 = Debug|x64
		{1AA61F5C-AD26-4B18-83AF-A0D2A0B846D2}.Debug|x86.ActiveCfg = Debug|Win32
		{1AA61F5C-AD26-4B18-83AF-A0D2A0B846D2}.Debug|x86.Build.0 = Debug|Win32
		{1AA61F5C-AD26-4B18-83AF-A0D2A0B846D2}.Release|x64.ActiveCfg = Release|x64
		{1AA61F5C-AD26-4B18-83AF-A0D2A0B846D2}.Release|x64.Build.0 = Release|x64
		{1AA61F5C-AD26-4B18-83AF-A0D2A0B846D2}.Release|x86.ActiveCfg = Release|Win32
		{1AA61F5C-AD26-4B18-83AF-A0D2A0B846D2}.Release|x86.Build.0 = Release|Win32
		{2E1E9356-251C-45D7-98A6-2CE9277A8CB1}.Debug|x64.ActiveCfg = Debug|x64
		{2E1E9356-251C-45D7-98A6-2CE9277A8CB1}.Debug|x64.Build.0 = Debug|x64
		{2E1E9356-251C-45D7-98A6-2CE9277A8CB1}.Debug|x86.ActiveCfg = Debug|Win32
		{2E1E9356-251C-45D7-98A6-2CE9277A8CB1}.Debug|x86.Build.0 = Debug|Win32
		{2E1E9356-251C-45D7-98A6-2CE9277A8CB1}.Release|x64.ActiveCfg = Release|x64
		{2E1E9356-251C-45D7-98A6-2CE9277A8CB1}.Release|x64.Build.0 = Release|x64
		{2E1E9356-251C-45D7-98A6-2CE9277A8CB1}.Release|x86.ActiveCfg = Release|Win32
		{2E1E9356-251C-45D7-98A6-2CE9277A8CB1}.Release|x86.Build.0 = Release|Win32
		{E94337CB-83A8-4EFE-BB5D-5D436D6B9B40}.Debug|x64.ActiveCfg = Debug|x64
		{E94337CB-83A8-4EFE-BB5D-5D436D6B9B40}.Debug|x64.Build.0 = Debug|x64
		{E94337CB-83A8-4EFE-BB5D-5D436D6B9B40}.Debug|x86.ActiveCfg = Debug|Win32
		{E94337CB-83A8-4EFE-BB5D-5D436D6B9B40}.Debug|x86.Build.0 = Debug|Win32
		{E94337CB-83A8-4EFE-BB5D-5D436D6B9B40}.Release|x64.ActiveCfg = Release|x64
		{E94337CB-83A8-4EFE-BB5D-5D436D6B9B40}.Release|x64.Build.0 = Release|x64
		{E94337CB-83A8-4EFE-BB5D-5D436D6B9B40}.Release|x86.ActiveCfg = Release|Win32
		{E94337CB-83A8-4EFE-BB5D-5D436D6B9B40}.Release|x86.Build.0 = Release|Win32
		{9F89C68F-6810-4AAB-B484-872A8F265D01}.Debug|x64.ActiveCfg = Debug|x64
		{9F89C68F-6810-4AAB-B484-872A8F265D01}.Debug|x64.Build.0 = Debug|x64
		{9F89C68F-6810-4AAB-B484-872A8F265D01}.Debug|x86.ActiveCfg = Debug|Win32
		{9F89C68F-6810-4AAB-B484-872A8F265D01}.Debug|x86.Build.0 = Debug|Win32
		{9F89C68F-6810-4AAB-B484-872A8F265D01}.Release|x64.ActiveCfg = Release|x64
		{9F89C68F-6810-4AAB-B484-872A8F265D01}.Release|x64.Build.0 = Release|x64
		{9F89C68F-6810-4AAB-B484-872A8F265D01}.Release|x86.ActiveCfg = Release|Win32
		{9F89C68F-6810-4AAB-B484-872A8F265D01}.Release|x86.Build.0 = Release|Win32
		{486B646A-39E1-496E-BFDD-0AC57D639375}.Debug|x64.ActiveCfg = Debug|x64
		{486B646A-39E1-496E-BFDD-0AC57D639375}.Debug|x64.Build.0 = Debug|x64
		{486B646A-39E1-496E-BFDD-0AC57D639375}.Debug|x86.ActiveCfg = Debug|Win32
		{486B646A-39E1-496E-BFDD-0AC57D639375}.Debug|x86.Build.0 = Debug|Win32
		{486B646A-39E1-496E-BFDD-0AC57D639375}.Release|x64.ActiveCfg = Release|x64
		{486B646A-39E1-496E-BFDD-0AC57D639375}.Release|x64.Build.0 = Release|x64
		{486B646A-39E1-496E-BFDD-0AC57D639375}.Release|x86.ActiveCfg = Release|Win32
		{486B646A-39E1-496E-BFDD-0AC57D639375}.Release|x86.Build.0 = Release|Win32
		{00F1D3E6-D039-4F05-84C4-BB1C2162A6CB}.Debug|x64.ActiveCfg = Debug|x64
		{00F1D3E6-D039-4F05-84C4-BB1C2162A6CB}.Debug|x64.Build.0 = Debug|x64
		{00F1D3E6-D039-4F05-84C4-BB1C2162A6CB}.Debug|x86.ActiveCfg = Debug|Win32
		{00F1D3E6-D039-4F05-84C4-BB1C2162A6CB}.Debug|x86.Build.0 = Debug|Win32
		{00F1D3E6-D039-4F05-84C4-BB1C2162A6CB}.Release|x64.ActiveCfg = Release|x64
		{00F1D3E6-D039-4F05-84C4-BB1C2162A6CB}.Release|x64.Build.0 = Release|x64
		{00F1D3E6-D039-4F05-84C4-BB1C2162A6CB}.Release|x86.ActiveCfg = Release|Win32
		{00F1D3E6-D039-4F05-84C4-BB1C2162A6CB}.Release|x86.Build.0 = Release|Win32
		{779D932F-1B0C-4283-B8E3-A06E05ACBB43}.Debug|x64.ActiveCfg = Debug|x64
		{779D932F-1B0C-4283-B8E3-A06E05ACBB43}.Debug|x64.Build.0 = Debug|x64
		{779D932F-1B0C-4283-B8E3-A06E05ACBB43}.Debug|x86.ActiveCfg = Debug|Win32
		{779D932F-1B0C-4283-B8E3-A06E05ACBB43}.Debug|x86.Build.0 = Debug|Win32
		{779D932F-1B0C-4283-B8E3-A06E05ACBB43}.Release|x64.ActiveCfg = Release|x64
		{779D932F-1B0C-4283-B8E3-A06E05ACBB43}.Release|x64.Build.0 = Release|x64
		{779D932F-1B0C-4283-B8E3-A06E05ACBB43}.Release|x86.ActiveCfg = Release|Win32
		{779D932F-1B0C-4283-B8E3-A06E05ACBB43}.Release|x86.Build.0 = Release|Win32
		{32C4A864-B14F-4497-A426-3B3F65C7706A}.Debug|x64.ActiveCfg = Debug|x64
		{32C4A864-B14F-4497-A426-3B3F65C7706A}.Debug|x64.Build.0 = Debug|x64
		{32C4A864-B14F-4497-A426-3B3F65C7706A}.Debug|x86.ActiveCfg = Debug|Win32
		{32C4A864-B14F-4497-A426-3B3F65C7706A}.Debug|x86.Build.0 = Debug|Win32
		{32C4A864-B14F-4497-A426-3B3F65C7706A}.Release|x64.ActiveCfg = Release|x64
		{32C4A864-B14F-4497-A426-3B3F65C7706A}.Release|x64.Build.0 = Release|x64
		{32C4A864-B14F-4497-A426-3B3F65C7706A}.Release|x86.ActiveCfg = Release|Win32
		{32C4A864-B14F-4497-A426-3B3F65C7706A}.Release|x86.Build.0 = Release|Win32
		{FD2525DB-B4EA-4610-BF63-C368EED49948}.Debug|x64.ActiveCfg = Debug|x64
		{FD2525DB-B4EA-4610-BF63-C368EED49948}.Debug|x64.Build.0 = Debug|x64
		{FD2525DB-B4EA-4610-BF63-C368EED49948}.Debug|x86.ActiveCfg = Debug|Win32
		{FD2525DB-B4EA-4610-BF63-C368EED49948}.Debug|x86.Build.0 = Debug|Win32
		{FD2525DB-B4EA-4610-BF63-C368EED49948}.Release|x64.ActiveCfg = Release|x64
		{FD2525DB-B4EA-4610-BF63-C368EED49948}.Release|x64.Build.0 = Release|x64
		{FD2525DB-B4EA-4610-BF63-C368EED49948}.Release|x86.ActiveCfg = Release|Win32
		{FD2525DB-B4EA-4610-BF63-C368EED49948}.Release|x86.Build.0 = Release|Win32
		{7AF81579-CF84-4430-A3C9-506C0FC6CB90}.Debug|x64.ActiveCfg = Debug|x64
		{7AF81579-CF84-4430-A3C9-506C0FC6CB90}.Debug|x64.Build.0 = Debug|x64
		{7AF81579-CF84-4430-A3C9-506C0FC6CB90}.Debug|x86.ActiveCfg = Debug|Win32
		{7AF81579-CF84-4430-A3C9-506C0FC6CB90}.Debug|x86.Build.0 = Debug|Win32
		{7AF81579-CF84-4430-A3C9-506C0FC6CB90}.Release|x64.ActiveCfg = Release|x64
		{7AF81579-CF84-4430-A3C9-506C0FC6CB90}.Release|x64.Build.0 = Release|x64
		{7AF81579-CF84-4430-A3C9-506C0FC6CB90}.Release|x86.ActiveCfg = Release|Win32
		{7AF81579-CF84-4430-A3C9-506C0FC6CB90}.Release|x86.Build.0 = Release|Win32
		{DCE4EA12-19A4-4C67-BDD9-F19DC262E0BB}.Debug|x64.ActiveCfg = Debug|x64
		{DCE4EA12-19A4-4C67-BDD9-F19DC262E0BB}.Debug|x64.Build.0 = Debug|x64
		{DCE4EA12-19A4-4C67-BDD9-F19DC262E0BB}.Debug|x86.ActiveCfg = Debug|Win32
		{DCE4EA12-19A4-4C67-BDD9-F19DC262E0BB}.Debug|x86.Build.0 = Debug|Win32
		{DCE4EA12-19A4-4C67-BDD9-F19DC262E0BB}.Release|x64.ActiveCfg = Release|x64
		{DCE4EA12-19A4-4C67-BDD9-F19DC262E0BB}.Release|x64.Build.0 = Release|x64
		{DCE4EA12-19A4-4C67-BDD9-F19DC262E0BB}.Release|x86.ActiveCfg = Release|Win32
		{DCE4EA12-19A4-4C67-BDD9-F19DC262E0BB}.Release|x86.Build.0 = Release|Win32
		{A375729F-1F0D-4F90-9A21-584D83CE0445}.Debug|x64.ActiveCfg = Debug|x64
		{A375729F-1F0D-4F90-9A21-584D83CE0445}.Debug|x64.Build.0 = Debug|x64
		{A375729F-1F0D-4F90-9A21-584D83CE0445}.Debug|x86.ActiveCfg = Debug|Win32
		{A375729F-1F0D-4F90-9A21-584D83CE0445}.Debug|x86.Build.0 = Debug|Win32
		{A375729F-1F0D-4F90-9A21-584D83CE0445}.Release|x64.ActiveCfg = Release|x64
		{A375729F-1F0D-4F90-9A21-584D83CE0445}.Release|x64.Build.0 = Release|x64
		{A375729F-1F0D-4F90-9A21-584D83CE0445}.Release|x86.ActiveCfg = Release|Win32
		{A375729F-1F0D-4F90-9A21-584D83CE0445}.Release|x86.Build.0 = Release|Win32
		{E70417AA-0035-4105-AC20-808B9DDE28E8}.Debug|x64.ActiveCfg = Debug|x64
		{E70417AA-0035-4105-AC20-808B9DDE28E8}.Debug|x64.Build.0 = Debug|x64
		{E70417AA-0035-4105-AC20-808B9DDE28E8}.Debug|x86.ActiveCfg = Debug|Win32
		{E70417AA-0035-4105-AC20-808B9DDE28E8}.Debug|x86.Build.0 = Debug|Win32
		{E70417AA-0035-4105-AC20-808B9DDE28E8}.Release|x64.ActiveCfg = Release|x64
		{E70417AA-0035-4105-AC20-808B9DDE28E8}.Release|x64.Build.0 = Release|x64
		{E70417AA-0035-4105-AC20-808B9DDE28E8}.Release|x86.ActiveCfg = Release|Win32
		{E70417AA-0035-4105-AC20-808B9DDE28E8}.Release|x86.Build.0 = Release|Win32
		{681AA6D8-20D1-4F9C-9CC4-7EF7C7D57110}.Debug|x64.ActiveCfg = Debug|x64
		{681AA6D8-20D1-4F9C-9CC4-7EF7C7D57110}.Debug|x64.Build.0 = Debug|x64
		{681AA6D8-20D1-4F9C-9CC4-7EF7C7D57110}.Debug|x86.ActiveCfg = Debug|Win32
		{681AA6D8-20D1-4F9C-9CC4-7EF7C7D57110}.Debug|x86.Build.0 = Debug|Win32
		{681AA6D8-20D1-4F9C-9CC4-7EF7C7D57110}.Release|x64.ActiveCfg = Release|x64
		{681AA6D8-20D1-4F9C-9CC4-7EF7C7D57110}.Release|x64.Build.0 = Release|x64
		{681AA6D8-20D1-4F9C-9CC4-7EF7C7D57110}.Release|x86.ActiveCfg = Release|Win32
		{681AA6D8-20D1-4F9C-9CC4-7EF7C7D57110}.Release|x86.Build.0 = Release|Win32
		{80F659EE-8CFC-4E2E-A428-CADC7519C441}.Debug|x64.ActiveCfg = Debug|x64
		{80F659EE-8CFC-4E2E-A428-CADC7519C441}.Debug|x64.Build.0 = Debug|x64
		{80F659EE-8CFC-4E2E-A428-CADC7519C441}.Debug|x86.ActiveCfg = Debug|Win32
		{80F659EE-8CFC-4E2E-A428-CADC7519C441}.Debug|x86.Build.0 = Debug|Win32
		{80F659EE-8CFC-4E2E-A428-CADC7519C441}.Release|x64.ActiveCfg = Release|x64
		{80F659EE-8CFC-4E2E-A428-CADC7519C441}.Release|x64.Build.0 = Release|x64
		{80F659EE-8CFC-4E2E-A428-CADC7519C441}.Release|x86.ActiveCfg = Release|Win32
		{80F659EE-8CFC-4E2E-A428-CADC7519C441}.Release|x86.Build.0 = Release|Win32
		{F21BC1DD-FE28-464E-B18E-456E3DD26B19}.Debug|x64.ActiveCfg = Debug|x64
		{F21BC1DD-FE28-464E-B18E-456E3DD26B19}.Debug|x64.Build.0 = Debug|x64
		{F21BC1DD-FE28-464E-B18E-456E3DD26B19}.Debug|x86.ActiveCfg = Debug|Win32
		{F21BC1DD-FE28-464E-B18E-456E3DD26B19}.Debug|x86.Build.0 = Debug|Win32
		{F21BC1DD-FE28-464E-B18E-456E3DD26B19}.Release|x64.ActiveCfg = Release|x64
		{F21BC1DD-FE28-464E-B18E-456E3DD26B19}.Release|x64.Build.0 = Release|x64
		{F21BC1DD-FE28-464E-B18E-456E3DD26B19}.Release|x86.ActiveCfg = Release|Win32
		{F21BC1DD-FE28-464E-B18E-456E3DD26B19}.Release|x86.Build.0 = Release|Win32
		{BFDAC4D4-AC9B-4C07-8874-76E1D0D828DC}.Debug|x64.ActiveCfg = Debug|x64
		{BFDAC4D4-AC9B-4C07-8874-76E1D0D828DC}.Debug|x64.Build.0 = Debug|x64
		{BFDAC4D4-AC9B-4C07-8874-76E1D0D828DC}.Debug|x86.ActiveCfg = Debug|Win32
		{BFDAC4D4-AC9B-4C07-8874-76E1D0D828DC}.Debug|x86.Build.0 = Debug|Win32
		{BFDAC4D4-AC9B-4C07-8874-76E1D0D828DC}.Release|x64.ActiveCfg = Release|x64
		{BFDAC4D4-AC9B-4C07-8874-76E1D0D828DC}.Release|x64.Build.0 = Release|x64
		{BFDAC4D4-AC9B-4C07-8874-76E1D0D828DC}.Release|x86.ActiveCfg = Release|Win32
		{BFDAC4D4-AC9B-4C07-8874-76E1D0D828DC}.Release|x86.Build.0 = Release|Win32
		{D368321A-EE3D-482A-A688-41D45014EBE0}.Debug|x64.ActiveCfg = Debug|x64
		{D368321A-EE3D-482A-A688-41D45014EBE0}.Debug|x64.Build.0 = Debug|x64
		{D368321A-EE3D-482A-A688-41D45014EBE0}.Debug|x86.ActiveCfg = Debug|Win32
		{D368321A-EE3D-482A-A688-41D45014EBE0}.Debug|x86.Build.0 = Debug|Win32
		{D368321A-EE3D-482A-A688-41D45014EBE0}.Release|x64.ActiveCfg = Release|x64
		{D368321A-EE3D-482A-A688-41D45014EBE0}.Release|x64.Build.0 = Release|x64
		{D368321A-EE3D-482A-A688-41D45014EBE0}.Release|x86.ActiveCfg = Release|Win32
		{D368321A-EE3D-482A-A688-41D45014EBE0}.Release|x86.Build.0 = Release|Win32
		{192947D3-344A-45A7-B8BE-71470F3B5E1C}.Debug|x64.ActiveCfg = Debug|x64
		{192947D3-344A-45A7-B8BE-71470F3B5E1C}.Debug|x64.Build.0 = Debug|x64
		{192947D3-344A-45A7-B8BE-71470F3B5E1C}.Debug|x86.ActiveCfg = Debug|Win32
		{192947D3-344A-45A7-B8BE-71470F3B5E1C}.Debug|x86.Build.0 = Debug|Win32
		{192947D3-344A-45A7-B8BE-71470F3B5E1C}.Release|x64.ActiveCfg = Release|x64
		{192947D3-344A-45A7-B8BE-71470F3B5E1C}.Release|x64.Build.0 = Release|x64
		{192947D3-344A-45A7-B8BE-71470F3B5E1C}.Release|x86.ActiveCfg = Release|Win32
		{192947D3-344A-45A7-B8BE-71470F3B5E1C}.Release|x86.Build.0 = Release|Win32
		{FBB00CA6-44C3-4115-8791-9FF35A1B2A76}.Debug|x64.ActiveCfg = Debug|x64
		{FBB00CA6-44C3-4115-8791-9FF35A1B2A76}.Debug|x64.Build.0 = Debug|x64
		{FBB00CA6-44C3-4115-8791-9FF35A1B2A76}.Debug|x86.ActiveCfg = Debug|Win32
		{FBB00CA6-44C3-4115-8791-9FF35A1B2A76}.Debug|x86.Build.0 = Debug|Win32
		{FBB00CA6-44C3-4115-8791-9FF35A1B2A76}.Release|x64.ActiveCfg = Release|x64
		{FBB00CA6-44C3-4115-8791-9FF35A1B2A76}.Release|x64.Build.0 = Release|x64
		{FBB00CA6-44C3-4115-8791-9FF35A1B2A76}.Release|x86.ActiveCfg = Release|Win32
		{FBB00CA6-44C3-4115-8791-9FF35A1B2A76}.Release|x86.Build.0 = Release|Win32
		{14EC4C33-070D-47BF-8872-7E6A0B678EAC}.Debug|x64.ActiveCfg = Debug|x64
		{14EC4C33-070D-47BF-8872-7E6A0B678EAC}.Debug|x64.Build.0 = Debug|x64
		{14EC4C33-070D-47BF-8872-7E6A0B678EAC}.Debug|x86.ActiveCfg = Debug|Win32
		{14EC4C33-070D-47BF-8872-7E6A0B678EAC}.Debug|x86.Build.0 = Debug|Win32
		{14EC4C33-070D-47BF-8872-7E6A0B678EAC}.Release|x64.ActiveCfg = Release|x64
		{14EC4C33-070D-47BF-8872-7E6A0B678EAC}.Release|x64.Build.0 = Release|x64
		{14EC4C33-070D-47BF-8872-7E6A0B678EAC}.Release|x86.ActiveCfg = Release|Win32
		{14EC4C33-070D-47BF-8872-7E6A0B678EAC}.Release|x86.Build.0 = Release|Win32
		{CC236F53-48E9-4DF1-B6D7-837534483FC0}.Debug|x64.ActiveCfg = Debug|x64
		{CC236F53-48E9-4DF1-B6D7-837534483FC0}.Debug|x64.Build.0 = Debug|x64
		{CC236F53-48E9-4DF1-B6D7-837534483FC0}.Debug|x86.ActiveCfg = Debug|Win32
		{CC236F53-48E9-4DF1-B6D7-837534483FC0}.Debug|x86.Build.0 = Debug|Win32
		{CC236F53-48E9-4DF1-B6D7-837534483FC0}.Release|x64.ActiveCfg = Release|x64
		{CC236F53-48E9-4DF1-B6D7-837534483FC0}.Release|x64.Build.0 = Release|x64
		{CC236F53-48E9-4DF1-B6D7-837534483FC0}.Release|x86.ActiveCfg = Release|Win32
		{CC236F53-48E9-4DF1-B6D7-837534483FC0}.Release|x86.Build.0 = Release|Win32
		{8C2C47AB-1564-47D5-A954-7F4E0A01B1B2}.Debug|x64.ActiveCfg = Debug|x64
		{8C2C47AB-1564-47D5-A954-7F4E0A01B1B2}.Debug|x64.Build.0 = Debug|x64
		{8C2C47AB-1564-47D5-A954-7F4E0A01B1B2}.Debug|x86.ActiveCfg = Debug|Win32
		{8C2C47AB-1564-47D5-A954-7F4E0A01B1B2}.Debug|x86.Build.0 = Debug|Win32
		{8C2C47AB-1564-47D5-A954-7F4E0A01B1B2}.Release|x64.ActiveCfg = Release|x64
		{8C2C47AB-1564-47D5-A954-7F4E0A01B1B2}.Release|x64.Build.0 = Release|x64
		{8C2C47AB-1564-47D5-A954-7F4E0A01B1B2}.Release|x86.ActiveCfg = Release|Win32
		{8C2C47AB-1564-47D5-A954-7F4E0A01B1B2}.Release|x86.Build.0 = Release|Win32
	EndGlobalSection
	GlobalSection(SolutionProperties) = preSolution
		HideSolutionNode = FALSE
	EndGlobalSection
	GlobalSection(NestedProjects) = preSolution
		{410EEE18-153D-421A-BFBD-C542B283AA27} = {4AA4244E-D13A-4785-83B7-89DF36BC6821}
		{D5430366-2152-45A0-8297-4BBBE5A6244D} = {47ACBADE-A64F-4626-8824-D09C9DCE1525}
		{06F46820-E59B-48F9-8D37-6162B489CB5A} = {47ACBADE-A64F-4626-8824-D09C9DCE1525}
		{27E751D1-B13F-4A7C-BA2F-0DF038AC5244} = {47ACBADE-A64F-4626-8824-D09C9DCE1525}
		{D666FD26-69CE-40BB-A225-69F09C41C444} = {47ACBADE-A64F-4626-8824-D09C9DCE1525}
		{32ADA28C-981E-42B3-B588-B314630C09DA} = {47ACBADE-A64F-4626-8824-D09C9DCE1525}
		{10C5A9EC-8A59-4FAD-BFFF-1906A9FC4A97} = {097D4F97-4157-4726-81A9-53840437B2C1}
		{5651ADAD-7ED8-4C01-99E2-A0E90B69B03F} = {097D4F97-4157-4726-81A9-53840437B2C1}
		{1E1548F0-6B71-4E8C-9B73-EED29EAAA92C} = {097D4F97-4157-4726-81A9-53840437B2C1}
		{CD32C689-FFD5-47EC-A36A-501A9CDF2957} = {097D4F97-4157-4726-81A9-53840437B2C1}
		{08280FA3-8E37-4AD0-9A75-DF454EAC1122} = {6B43C345-9B11-49AF-859B-86B94BD7C330}
		{E496D0A9-32A8-4CC6-BE9E-D13A70887FB0} = {6B43C345-9B11-49AF-859B-86B94BD7C330}
		{E5094556-43E0-4527-8AEF-833BF8D02CF8} = {EE6C3DD4-628B-4B41-AF3C-9B4BF82E5866}
		{B8BE9D12-65EF-4E9F-A8EE-AFD87105ACDD} = {4AA4244E-D13A-4785-83B7-89DF36BC6821}
		{A5F5DD80-C39D-4350-AA19-17118A308B79} = {6B43C345-9B11-49AF-859B-86B94BD7C330}
		{9CD05878-29E0-4B67-8233-648BEB2FC7A4} = {4AA4244E-D13A-4785-83B7-89DF36BC6821}
		{9C07ABF7-1259-4690-ACAF-499437C5B1FF} = {6B43C345-9B11-49AF-859B-86B94BD7C330}
		{6DC1292C-A230-4210-9FE9-F220719A64DC} = {7680388C-9F3F-4ED5-9F6A-1B403ACB3724}
		{737F3495-1AF5-43BF-9D3D-4C9B4B49FB9A} = {21DF51B7-C0C2-455B-AE0B-7FA99314CAAC}
		{FE46ACF8-6121-478A-9D4D-D20707316791} = {21DF51B7-C0C2-455B-AE0B-7FA99314CAAC}
		{4915B295-893D-41F9-93A3-2426327857D4} = {21DF51B7-C0C2-455B-AE0B-7FA99314CAAC}
		{C8E71699-475E-48CE-83DC-DE0A725FD69C} = {21DF51B7-C0C2-455B-AE0B-7FA99314CAAC}
		{B4B6652C-6A8A-4CF7-AE4A-AA1C471B3ED3} = {21DF51B7-C0C2-455B-AE0B-7FA99314CAAC}
		{B99113AA-4C26-4502-9075-4A2FC85A7926} = {21DF51B7-C0C2-455B-AE0B-7FA99314CAAC}
		{1AA61F5C-AD26-4B18-83AF-A0D2A0B846D2} = {21DF51B7-C0C2-455B-AE0B-7FA99314CAAC}
		{2E1E9356-251C-45D7-98A6-2CE9277A8CB1} = {21DF51B7-C0C2-455B-AE0B-7FA99314CAAC}
		{E94337CB-83A8-4EFE-BB5D-5D436D6B9B40} = {21DF51B7-C0C2-455B-AE0B-7FA99314CAAC}
		{9F89C68F-6810-4AAB-B484-872A8F265D01} = {21DF51B7-C0C2-455B-AE0B-7FA99314CAAC}
		{486B646A-39E1-496E-BFDD-0AC57D639375} = {4AA4244E-D13A-4785-83B7-89DF36BC6821}
		{00F1D3E6-D039-4F05-84C4-BB1C2162A6CB} = {21DF51B7-C0C2-455B-AE0B-7FA99314CAAC}
		{779D932F-1B0C-4283-B8E3-A06E05ACBB43} = {21DF51B7-C0C2-455B-AE0B-7FA99314CAAC}
		{32C4A864-B14F-4497-A426-3B3F65C7706A} = {21DF51B7-C0C2-455B-AE0B-7FA99314CAAC}
		{FD2525DB-B4EA-4610-BF63-C368EED49948} = {21DF51B7-C0C2-455B-AE0B-7FA99314CAAC}
		{7AF81579-CF84-4430-A3C9-506C0FC6CB90} = {21DF51B7-C0C2-455B-AE0B-7FA99314CAAC}
		{DCE4EA12-19A4-4C67-BDD9-F19DC262E0BB} = {21DF51B7-C0C2-455B-AE0B-7FA99314CAAC}
		{A375729F-1F0D-4F90-9A21-584D83CE0445} = {21DF51B7-C0C2-455B-AE0B-7FA99314CAAC}
		{E70417AA-0035-4105-AC20-808B9DDE28E8} = {21DF51B7-C0C2-455B-AE0B-7FA99314CAAC}
		{681AA6D8-20D1-4F9C-9CC4-7EF7C7D57110} = {21DF51B7-C0C2-455B-AE0B-7FA99314CAAC}
		{80F659EE-8CFC-4E2E-A428-CADC7519C441} = {21DF51B7-C0C2-455B-AE0B-7FA99314CAAC}
		{F21BC1DD-FE28-464E-B18E-456E3DD26B19} = {21DF51B7-C0C2-455B-AE0B-7FA99314CAAC}
		{BFDAC4D4-AC9B-4C07-8874-76E1D0D828DC} = {6B43C345-9B11-49AF-859B-86B94BD7C330}
		{D368321A-EE3D-482A-A688-41D45014EBE0} = {21DF51B7-C0C2-455B-AE0B-7FA99314CAAC}
		{192947D3-344A-45A7-B8BE-71470F3B5E1C} = {21DF51B7-C0C2-455B-AE0B-7FA99314CAAC}
		{FBB00CA6-44C3-4115-8791-9FF35A1B2A76} = {21DF51B7-C0C2-455B-AE0B-7FA99314CAAC}
		{14EC4C33-070D-47BF-8872-7E6A0B678EAC} = {21DF51B7-C0C2-455B-AE0B-7FA99314CAAC}
		{CC236F53-48E9-4DF1-B6D7-837534483FC0} = {21DF51B7-C0C2-455B-AE0B-7FA99314CAAC}
		{8C2C47AB-1564-47D5-A954-7F4E0A01B1B2} = {21DF51B7-C0C2-455B-AE0B-7FA99314CAAC}
	EndGlobalSection
	GlobalSection(ExtensibilityGlobals) = postSolution
		SolutionGuid = {98D3CF6E-8106-4DCC-B3FD-5332B56ED0C1}
	EndGlobalSection
EndGlobal
